Microsoft Visual Studio Solution File, Format Version 11.00
# Visual Studio 2008

Project("{3BEF2418-9C62-1B22-4AD1-D8CE35C470AA}") = "TurnSpin", "Assembly-CSharp.csproj", "{01CA2613-9302-4497-D177-0DE86FB4E346}"
EndProject
Global
	GlobalSection(SolutionConfigurationPlatforms) = preSolution
		Debug|Any CPU = Debug|Any CPU
		Release|Any CPU = Release|Any CPU
	EndGlobalSection
	GlobalSection(ProjectConfigurationPlatforms) = postSolution
		{01CA2613-9302-4497-D177-0DE86FB4E346}.Debug|Any CPU.ActiveCfg = Debug|Any CPU
		{01CA2613-9302-4497-D177-0DE86FB4E346}.Debug|Any CPU.Build.0 = Debug|Any CPU
		{01CA2613-9302-4497-D177-0DE86FB4E346}.Release|Any CPU.ActiveCfg = Release|Any CPU
		{01CA2613-9302-4497-D177-0DE86FB4E346}.Release|Any CPU.Build.0 = Release|Any CPU
	EndGlobalSection
	GlobalSection(SolutionProperties) = preSolution
		HideSolutionNode = FALSE
	EndGlobalSection
	GlobalSection(MonoDevelopProperties) = preSolution
		StartupItem = Assembly-CSharp.csproj
	EndGlobalSection
EndGlobal
